
Microsoft Visual Studio Solution File, Format Version 12.00
# Visual Studio Version 17
VisualStudioVersion = 17.12.35707.178 d17.12
MinimumVisualStudioVersion = 10.0.40219.1
Project("{FAE04EC0-301F-11D3-BF4B-00C04F79EFBC}") = "Dominion_of_Kings_With_functions", "Dominion_of_Kings_With_functions.csproj", "{1A637C9F-F439-459E-BBA0-5EE69AEB3921}"
EndProject
Global
	GlobalSection(SolutionConfigurationPlatforms) = preSolution
		Debug|Any CPU = Debug|Any CPU
		Release|Any CPU = Release|Any CPU
	EndGlobalSection
	GlobalSection(ProjectConfigurationPlatforms) = postSolution
		{1A637C9F-F439-459E-BBA0-5EE69AEB3921}.Debug|Any CPU.ActiveCfg = Debug|Any CPU
		{1A637C9F-F439-459E-BBA0-5EE69AEB3921}.Debug|Any CPU.Build.0 = Debug|Any CPU
		{1A637C9F-F439-459E-BBA0-5EE69AEB3921}.Release|Any CPU.ActiveCfg = Release|Any CPU
		{1A637C9F-F439-459E-BBA0-5EE69AEB3921}.Release|Any CPU.Build.0 = Release|Any CPU
	EndGlobalSection
	GlobalSection(SolutionProperties) = preSolution
		HideSolutionNode = FALSE
	EndGlobalSection
EndGlobal
